
Microsoft Visual Studio Solution File, Format Version 12.00
# Visual Studio Version 17
VisualStudioVersion = 17.9.34723.18
MinimumVisualStudioVersion = 10.0.40219.1
Project("{FAE04EC0-301F-11D3-BF4B-00C04F79EFBC}") = "IntroToDotNetAPI", "IntroToDotNetAPI\IntroToDotNetAPI.csproj", "{327C4113-AD9F-4BA1-ADE5-FCB868D16601}"
EndProject
Global
	GlobalSection(SolutionConfigurationPlatforms) = preSolution
		Debug|Any CPU = Debug|Any CPU
		Release|Any CPU = Release|Any CPU
	EndGlobalSection
	GlobalSection(ProjectConfigurationPlatforms) = postSolution
		{327C4113-AD9F-4BA1-ADE5-FCB868D16601}.Debug|Any CPU.ActiveCfg = Debug|Any CPU
		{327C4113-AD9F-4BA1-ADE5-FCB868D16601}.Debug|Any CPU.Build.0 = Debug|Any CPU
		{327C4113-AD9F-4BA1-ADE5-FCB868D16601}.Release|Any CPU.ActiveCfg = Release|Any CPU
		{327C4113-AD9F-4BA1-ADE5-FCB868D16601}.Release|Any CPU.Build.0 = Release|Any CPU
	EndGlobalSection
	GlobalSection(SolutionProperties) = preSolution
		HideSolutionNode = FALSE
	EndGlobalSection
	GlobalSection(ExtensibilityGlobals) = postSolution
		SolutionGuid = {9026BC55-6CCD-4044-A8FF-83CB37AC65F4}
	EndGlobalSection
EndGlobal
